
Microsoft Visual Studio Solution File, Format Version 12.00
# Visual Studio 2013
VisualStudioVersion = 12.0.30723.0
MinimumVisualStudioVersion = 10.0.40219.1
Project("{2150E333-8FDC-42A3-9474-1A3956D46DE8}") = "arraycontainsduplicates", "arraycontainsduplicates", "{136DBEBD-7EFA-4070-8B6D-50FC9C160742}"
	ProjectSection(SolutionItems) = preProject
		..\technicalscreen\technicalscreen\src\main\java\com\ats\technicalscreen\arraycontainsduplicates\ArrayContainsDuplicates.java = ..\technicalscreen\technicalscreen\src\main\java\com\ats\technicalscreen\arraycontainsduplicates\ArrayContainsDuplicates.java
		..\technicalscreen\technicalscreen\src\test\java\com\ats\technicalscreen\arraycontainsduplicates\ArrayContainsDuplicatesTest.java = ..\technicalscreen\technicalscreen\src\test\java\com\ats\technicalscreen\arraycontainsduplicates\ArrayContainsDuplicatesTest.java
	EndProjectSection
EndProject
Project("{2150E333-8FDC-42A3-9474-1A3956D46DE8}") = "asSpecified-cs", "asSpecified-cs", "{1D0B06CC-15B1-4C0C-9BD5-CBB78E2D44A5}"
EndProject
Project("{FAE04EC0-301F-11D3-BF4B-00C04F79EFBC}") = "ArrayContainsDuplicatesSpecs", "arraycontainsduplicates\asSpecified-cs\ArrayContainsDuplicatesSpecs\ArrayContainsDuplicatesSpecs.csproj", "{7CA9B563-F0BC-447F-B50D-D17C5A97E16D}"
EndProject
Project("{FAE04EC0-301F-11D3-BF4B-00C04F79EFBC}") = "ArrayContainsDuplicates", "arraycontainsduplicates\asSpecified-cs\ArrayContainsDuplicates\ArrayContainsDuplicates.csproj", "{0F86F3EA-F498-4025-AFC6-25648D482F1E}"
EndProject
Project("{2150E333-8FDC-42A3-9474-1A3956D46DE8}") = "isHappyPrime", "isHappyPrime", "{61FA709D-0DC3-43EA-A576-83EF50C4220D}"
	ProjectSection(SolutionItems) = preProject
		..\technicalscreen\technicalscreen\src\main\java\com\ats\technicalscreen\ishappyprime\IsHappyPrime.java = ..\technicalscreen\technicalscreen\src\main\java\com\ats\technicalscreen\ishappyprime\IsHappyPrime.java
		..\technicalscreen\technicalscreen\src\test\java\com\ats\technicalscreen\ishappyprime\IsHappyPrimeTest.java = ..\technicalscreen\technicalscreen\src\test\java\com\ats\technicalscreen\ishappyprime\IsHappyPrimeTest.java
	EndProjectSection
EndProject
Project("{2150E333-8FDC-42A3-9474-1A3956D46DE8}") = "asSpecified-cs", "asSpecified-cs", "{39813FE8-C60F-48A9-8949-A71BD10BCBEE}"
EndProject
Project("{FAE04EC0-301F-11D3-BF4B-00C04F79EFBC}") = "HappyPrimeSpecs", "ishappyprime\asSpecified-cs\IsHappyPrimeSpecs\HappyPrimeSpecs.csproj", "{4122F025-5E4D-4B9B-A418-DB64FC9E306C}"
EndProject
Project("{FAE04EC0-301F-11D3-BF4B-00C04F79EFBC}") = "IsHappyPrime", "ishappyprime\asSpecified-cs\IsHappyPrime\IsHappyPrime.csproj", "{1EE2B94A-2B1A-44DA-AE21-CEF2DACBD10D}"
EndProject
Project("{2150E333-8FDC-42A3-9474-1A3956D46DE8}") = "WordWrap", "WordWrap", "{96F1F210-5613-47F4-B408-343760B42D2C}"
EndProject
Project("{2150E333-8FDC-42A3-9474-1A3956D46DE8}") = "csharp", "csharp", "{593E52CA-7453-45AD-B276-B563769F05B3}"
EndProject
Project("{FAE04EC0-301F-11D3-BF4B-00C04F79EFBC}") = "Wrap", "WordWrap\csharp\WordWrap\Wrap.csproj", "{BF6718C9-8CF8-4741-A92D-D4C30F76C8F8}"
EndProject
Project("{FAE04EC0-301F-11D3-BF4B-00C04F79EFBC}") = "WrapSpecs", "WordWrapSpecs\WrapSpecs.csproj", "{E49E23C8-667D-4F7B-A248-58BB009A2A20}"
EndProject
Global
	GlobalSection(SolutionConfigurationPlatforms) = preSolution
		Debug|Any CPU = Debug|Any CPU
		Release|Any CPU = Release|Any CPU
	EndGlobalSection
	GlobalSection(ProjectConfigurationPlatforms) = postSolution
		{7CA9B563-F0BC-447F-B50D-D17C5A97E16D}.Debug|Any CPU.ActiveCfg = Debug|Any CPU
		{7CA9B563-F0BC-447F-B50D-D17C5A97E16D}.Debug|Any CPU.Build.0 = Debug|Any CPU
		{7CA9B563-F0BC-447F-B50D-D17C5A97E16D}.Release|Any CPU.ActiveCfg = Release|Any CPU
		{7CA9B563-F0BC-447F-B50D-D17C5A97E16D}.Release|Any CPU.Build.0 = Release|Any CPU
		{0F86F3EA-F498-4025-AFC6-25648D482F1E}.Debug|Any CPU.ActiveCfg = Debug|Any CPU
		{0F86F3EA-F498-4025-AFC6-25648D482F1E}.Debug|Any CPU.Build.0 = Debug|Any CPU
		{0F86F3EA-F498-4025-AFC6-25648D482F1E}.Release|Any CPU.ActiveCfg = Release|Any CPU
		{0F86F3EA-F498-4025-AFC6-25648D482F1E}.Release|Any CPU.Build.0 = Release|Any CPU
		{4122F025-5E4D-4B9B-A418-DB64FC9E306C}.Debug|Any CPU.ActiveCfg = Debug|Any CPU
		{4122F025-5E4D-4B9B-A418-DB64FC9E306C}.Debug|Any CPU.Build.0 = Debug|Any CPU
		{4122F025-5E4D-4B9B-A418-DB64FC9E306C}.Release|Any CPU.ActiveCfg = Release|Any CPU
		{4122F025-5E4D-4B9B-A418-DB64FC9E306C}.Release|Any CPU.Build.0 = Release|Any CPU
		{1EE2B94A-2B1A-44DA-AE21-CEF2DACBD10D}.Debug|Any CPU.ActiveCfg = Debug|Any CPU
		{1EE2B94A-2B1A-44DA-AE21-CEF2DACBD10D}.Debug|Any CPU.Build.0 = Debug|Any CPU
		{1EE2B94A-2B1A-44DA-AE21-CEF2DACBD10D}.Release|Any CPU.ActiveCfg = Release|Any CPU
		{1EE2B94A-2B1A-44DA-AE21-CEF2DACBD10D}.Release|Any CPU.Build.0 = Release|Any CPU
		{BF6718C9-8CF8-4741-A92D-D4C30F76C8F8}.Debug|Any CPU.ActiveCfg = Debug|Any CPU
		{BF6718C9-8CF8-4741-A92D-D4C30F76C8F8}.Debug|Any CPU.Build.0 = Debug|Any CPU
		{BF6718C9-8CF8-4741-A92D-D4C30F76C8F8}.Release|Any CPU.ActiveCfg = Release|Any CPU
		{BF6718C9-8CF8-4741-A92D-D4C30F76C8F8}.Release|Any CPU.Build.0 = Release|Any CPU
		{E49E23C8-667D-4F7B-A248-58BB009A2A20}.Debug|Any CPU.ActiveCfg = Debug|Any CPU
		{E49E23C8-667D-4F7B-A248-58BB009A2A20}.Debug|Any CPU.Build.0 = Debug|Any CPU
		{E49E23C8-667D-4F7B-A248-58BB009A2A20}.Release|Any CPU.ActiveCfg = Release|Any CPU
		{E49E23C8-667D-4F7B-A248-58BB009A2A20}.Release|Any CPU.Build.0 = Release|Any CPU
	EndGlobalSection
	GlobalSection(SolutionProperties) = preSolution
		HideSolutionNode = FALSE
	EndGlobalSection
	GlobalSection(NestedProjects) = preSolution
		{1D0B06CC-15B1-4C0C-9BD5-CBB78E2D44A5} = {136DBEBD-7EFA-4070-8B6D-50FC9C160742}
		{7CA9B563-F0BC-447F-B50D-D17C5A97E16D} = {1D0B06CC-15B1-4C0C-9BD5-CBB78E2D44A5}
		{0F86F3EA-F498-4025-AFC6-25648D482F1E} = {1D0B06CC-15B1-4C0C-9BD5-CBB78E2D44A5}
		{39813FE8-C60F-48A9-8949-A71BD10BCBEE} = {61FA709D-0DC3-43EA-A576-83EF50C4220D}
		{4122F025-5E4D-4B9B-A418-DB64FC9E306C} = {39813FE8-C60F-48A9-8949-A71BD10BCBEE}
		{1EE2B94A-2B1A-44DA-AE21-CEF2DACBD10D} = {39813FE8-C60F-48A9-8949-A71BD10BCBEE}
		{593E52CA-7453-45AD-B276-B563769F05B3} = {96F1F210-5613-47F4-B408-343760B42D2C}
		{BF6718C9-8CF8-4741-A92D-D4C30F76C8F8} = {593E52CA-7453-45AD-B276-B563769F05B3}
		{E49E23C8-667D-4F7B-A248-58BB009A2A20} = {593E52CA-7453-45AD-B276-B563769F05B3}
	EndGlobalSection
EndGlobal
